
Microsoft Visual Studio Solution File, Format Version 12.00
# Visual Studio Version 16
VisualStudioVersion = 16.0.30320.27
MinimumVisualStudioVersion = 10.0.40219.1
Project("{FAE04EC0-301F-11D3-BF4B-00C04F79EFBC}") = "Test", "Test\Test.csproj", "{59E9EAAA-38F1-41CB-9FAE-B4B1EFA4C3FD}"
EndProject
Global
	GlobalSection(SolutionConfigurationPlatforms) = preSolution
		Debug|Any CPU = Debug|Any CPU
		Release|Any CPU = Release|Any CPU
	EndGlobalSection
	GlobalSection(ProjectConfigurationPlatforms) = postSolution
		{59E9EAAA-38F1-41CB-9FAE-B4B1EFA4C3FD}.Debug|Any CPU.ActiveCfg = Debug|Any CPU
		{59E9EAAA-38F1-41CB-9FAE-B4B1EFA4C3FD}.Debug|Any CPU.Build.0 = Debug|Any CPU
		{59E9EAAA-38F1-41CB-9FAE-B4B1EFA4C3FD}.Release|Any CPU.ActiveCfg = Release|Any CPU
		{59E9EAAA-38F1-41CB-9FAE-B4B1EFA4C3FD}.Release|Any CPU.Build.0 = Release|Any CPU
	EndGlobalSection
	GlobalSection(SolutionProperties) = preSolution
		HideSolutionNode = FALSE
	EndGlobalSection
	GlobalSection(ExtensibilityGlobals) = postSolution
		SolutionGuid = {46D10889-0E57-4AC8-8D5D-6C0827F49D71}
	EndGlobalSection
EndGlobal
